PODS:
  - Firebase/Auth (3.14.0):
    - Firebase/Core
    - FirebaseAuth (= 3.1.1)
  - Firebase/Core (3.14.0):
    - FirebaseAnalytics (= 3.7.0)
    - FirebaseCore (= 3.5.1)
  - Firebase/Database (3.14.0):
    - Firebase/Core
    - FirebaseDatabase (= 3.1.2)
  - FirebaseAnalytics (3.7.0):
    - FirebaseCore (~> 3.5)
    - FirebaseInstanceID (~> 1.0)
    - GoogleToolboxForMac/NSData+zlib (~> 2.1)
  - FirebaseAuth (3.1.1):
    - FirebaseAnalytics (~> 3.7)
    - GoogleToolboxForMac/NSDictionary+URLArguments (~> 2.1)
    - GTMSessionFetcher/Core (~> 1.1)
  - FirebaseCore (3.5.1):
    - GoogleToolboxForMac/NSData+zlib (~> 2.1)
  - FirebaseDatabase (3.1.2):
    - FirebaseAnalytics (~> 3.7)
  - FirebaseInstanceID (1.0.9)
  - FTIndicator (1.2.0):
    - FTIndicator/FTNotificationIndicator (= 1.2.0)
    - FTIndicator/FTProgressIndicator (= 1.2.0)
    - FTIndicator/FTToastIndicator (= 1.2.0)
  - FTIndicator/FTNotificationIndicator (1.2.0)
  - FTIndicator/FTProgressIndicator (1.2.0)
  - FTIndicator/FTToastIndicator (1.2.0)
  - GoogleToolboxForMac/DebugUtils (2.1.1):
    - GoogleToolboxForMac/Defines (= 2.1.1)
  - GoogleToolboxForMac/Defines (2.1.1)
  - GoogleToolboxForMac/NSData+zlib (2.1.1):
    - GoogleToolboxForMac/Defines (= 2.1.1)
  - GoogleToolboxForMac/NSDictionary+URLArguments (2.1.1):
    - GoogleToolboxForMac/DebugUtils (= 2.1.1)
    - GoogleToolboxForMac/Defines (= 2.1.1)
    - GoogleToolboxForMac/NSString+URLArguments (= 2.1.1)
  - GoogleToolboxForMac/NSString+URLArguments (2.1.1)
  - GTMSessionFetcher/Core (1.1.9)
  - SlideMenuControllerSwift (3.0.1)

DEPENDENCIES:
  - Firebase/Auth
  - Firebase/Core
  - Firebase/Database
  - FTIndicator
  - SlideMenuControllerSwift

SPEC CHECKSUMS:
  Firebase: 85a581fb04e44f63ae9f4fbc8d6dabf4a4c18653
  FirebaseAnalytics: 0d1b7d81d5021155be37702a94ba1ec16d45365d
  FirebaseAuth: cc8a1824170adbd351edb7f994490a3fb5c18be6
  FirebaseCore: 225d40532489835a034b8f4e2c9c87fbf4f615a2
  FirebaseDatabase: 05c96d7b43a7368dc91c07791adb49683e1738d1
  FirebaseInstanceID: 2d0518b1378fe9d685ef40cbdd63d2fdc1125339
  FTIndicator: e1c035b99b8df1b1a40702b37cdc12fac5dd057c
  GoogleToolboxForMac: 8e329f1b599f2512c6b10676d45736bcc2cbbeb0
  GTMSessionFetcher: 5c046c76a1f859bc9c187e918f18e4fc7bb57b5e
  SlideMenuControllerSwift: 9a163b16d54afab734add42858cba7ef7c307755

PODFILE CHECKSUM: f64f6f9ed466a09ae8f2959ddab9c6ec2c788212

COCOAPODS: 1.2.0
