PODS:
  - Alamofire (4.4.0)
  - Firebase/Auth (3.15.0):
    - Firebase/Core
    - FirebaseAuth (= 3.1.1)
  - Firebase/Core (3.15.0):
    - FirebaseAnalytics (= 3.7.0)
    - FirebaseCore (= 3.5.2)
  - Firebase/Database (3.15.0):
    - Firebase/Core
    - FirebaseDatabase (= 3.1.2)
  - Firebase/Messaging (3.15.0):
    - Firebase/Core
    - FirebaseMessaging (= 1.2.2)
  - Firebase/Storage (3.15.0):
    - Firebase/Core
    - FirebaseStorage (= 1.1.0)
  - FirebaseAnalytics (3.7.0):
    - FirebaseCore (~> 3.5)
    - FirebaseInstanceID (~> 1.0)
    - GoogleToolboxForMac/NSData+zlib (~> 2.1)
  - FirebaseAuth (3.1.1):
    - FirebaseAnalytics (~> 3.7)
    - GoogleToolboxForMac/NSDictionary+URLArguments (~> 2.1)
    - GTMSessionFetcher/Core (~> 1.1)
  - FirebaseCore (3.5.2):
    - GoogleToolboxForMac/NSData+zlib (~> 2.1)
  - FirebaseDatabase (3.1.2):
    - FirebaseAnalytics (~> 3.7)
  - FirebaseInstanceID (1.0.9)
  - FirebaseMessaging (1.2.2):
    - FirebaseAnalytics (~> 3.7)
    - FirebaseInstanceID (~> 1.0)
    - GoogleToolboxForMac/Logger (~> 2.1)
    - Protobuf (~> 3.1)
  - FirebaseStorage (1.1.0):
    - FirebaseAnalytics (~> 3.7)
    - GTMSessionFetcher/Core (~> 1.1)
  - FTIndicator (1.2.0):
    - FTIndicator/FTNotificationIndicator (= 1.2.0)
    - FTIndicator/FTProgressIndicator (= 1.2.0)
    - FTIndicator/FTToastIndicator (= 1.2.0)
  - FTIndicator/FTNotificationIndicator (1.2.0)
  - FTIndicator/FTProgressIndicator (1.2.0)
  - FTIndicator/FTToastIndicator (1.2.0)
  - GoogleToolboxForMac/DebugUtils (2.1.1):
    - GoogleToolboxForMac/Defines (= 2.1.1)
  - GoogleToolboxForMac/Defines (2.1.1)
  - GoogleToolboxForMac/Logger (2.1.1):
    - GoogleToolboxForMac/Defines (= 2.1.1)
  - GoogleToolboxForMac/NSData+zlib (2.1.1):
    - GoogleToolboxForMac/Defines (= 2.1.1)
  - GoogleToolboxForMac/NSDictionary+URLArguments (2.1.1):
    - GoogleToolboxForMac/DebugUtils (= 2.1.1)
    - GoogleToolboxForMac/Defines (= 2.1.1)
    - GoogleToolboxForMac/NSString+URLArguments (= 2.1.1)
  - GoogleToolboxForMac/NSString+URLArguments (2.1.1)
  - GTMSessionFetcher/Core (1.1.9)
  - Protobuf (3.2.1)
  - PullToRefreshSwift (3.0.3)
  - SDCAlertView (7.1.2)
  - SDWebImage (3.8.2):
    - SDWebImage/Core (= 3.8.2)
  - SDWebImage/Core (3.8.2)
  - SlideMenuControllerSwift (3.0.1)
  - SloppySwiper (0.6)

DEPENDENCIES:
  - Alamofire (~> 4.4)
  - Firebase/Auth
  - Firebase/Core
  - Firebase/Database
  - Firebase/Messaging
  - Firebase/Storage
  - FTIndicator
  - PullToRefreshSwift
  - SDCAlertView (~> 7.1)
  - SDWebImage (~> 3.8)
  - SlideMenuControllerSwift
  - SloppySwiper

SPEC CHECKSUMS:
  Alamofire: dc44b1600b800eb63da6a19039a0083d62a6a62d
  Firebase: 2b1cdfba1cda8589f32904a697cc753322bff9d8
  FirebaseAnalytics: 0d1b7d81d5021155be37702a94ba1ec16d45365d
  FirebaseAuth: cc8a1824170adbd351edb7f994490a3fb5c18be6
  FirebaseCore: a024587e43778508700af8c6b1209f7c4516ba02
  FirebaseDatabase: 05c96d7b43a7368dc91c07791adb49683e1738d1
  FirebaseInstanceID: 2d0518b1378fe9d685ef40cbdd63d2fdc1125339
  FirebaseMessaging: df8267f378580a24174ce7861233aa11d5c90109
  FirebaseStorage: a5c55b23741a49a72af8f30f95b3bb5ddbeda12d
  FTIndicator: e1c035b99b8df1b1a40702b37cdc12fac5dd057c
  GoogleToolboxForMac: 8e329f1b599f2512c6b10676d45736bcc2cbbeb0
  GTMSessionFetcher: 5c046c76a1f859bc9c187e918f18e4fc7bb57b5e
  Protobuf: 2ccbaf193f6c65adc67745453ca0c13234c32796
  PullToRefreshSwift: 0743b818072bfd7c9464addc2d1b987b131057ca
  SDCAlertView: c39fa91a3aeb5eeba58fe9cea648263b131ff2bf
  SDWebImage: 098e97e6176540799c27e804c96653ee0833d13c
  SlideMenuControllerSwift: 9a163b16d54afab734add42858cba7ef7c307755
  SloppySwiper: 37e38f6da8df5c805914c6f32ec6ec8da63abe7c

PODFILE CHECKSUM: 41c7e032d0fc8cf95d19ff89c4b6a1b89432d5fb

COCOAPODS: 1.2.0
